
Microsoft Visual Studio Solution File, Format Version 12.00
# Visual Studio Version 16
VisualStudioVersion = 16.0.30011.22
MinimumVisualStudioVersion = 10.0.40219.1
Project("{FAE04EC0-301F-11D3-BF4B-00C04F79EFBC}") = "ProjRelacionamento", "ProjRelacionamento\ProjRelacionamento.csproj", "{503369DF-CF09-4DED-9072-123DD6DD15A2}"
EndProject
Project("{FAE04EC0-301F-11D3-BF4B-00C04F79EFBC}") = "DB", "DB\DB.csproj", "{51E89038-8976-499E-8A95-96EF21E19E69}"
EndProject
Project("{FAE04EC0-301F-11D3-BF4B-00C04F79EFBC}") = "Model", "Model\Model.csproj", "{0EFB45D0-F3ED-4CCC-989B-91D557D8005B}"
EndProject
Global
	GlobalSection(SolutionConfigurationPlatforms) = preSolution
		Debug|Any CPU = Debug|Any CPU
		Release|Any CPU = Release|Any CPU
	EndGlobalSection
	GlobalSection(ProjectConfigurationPlatforms) = postSolution
		{503369DF-CF09-4DED-9072-123DD6DD15A2}.Debug|Any CPU.ActiveCfg = Debug|Any CPU
		{503369DF-CF09-4DED-9072-123DD6DD15A2}.Debug|Any CPU.Build.0 = Debug|Any CPU
		{503369DF-CF09-4DED-9072-123DD6DD15A2}.Release|Any CPU.ActiveCfg = Release|Any CPU
		{503369DF-CF09-4DED-9072-123DD6DD15A2}.Release|Any CPU.Build.0 = Release|Any CPU
		{51E89038-8976-499E-8A95-96EF21E19E69}.Debug|Any CPU.ActiveCfg = Debug|Any CPU
		{51E89038-8976-499E-8A95-96EF21E19E69}.Debug|Any CPU.Build.0 = Debug|Any CPU
		{51E89038-8976-499E-8A95-96EF21E19E69}.Release|Any CPU.ActiveCfg = Release|Any CPU
		{51E89038-8976-499E-8A95-96EF21E19E69}.Release|Any CPU.Build.0 = Release|Any CPU
		{0EFB45D0-F3ED-4CCC-989B-91D557D8005B}.Debug|Any CPU.ActiveCfg = Debug|Any CPU
		{0EFB45D0-F3ED-4CCC-989B-91D557D8005B}.Debug|Any CPU.Build.0 = Debug|Any CPU
		{0EFB45D0-F3ED-4CCC-989B-91D557D8005B}.Release|Any CPU.ActiveCfg = Release|Any CPU
		{0EFB45D0-F3ED-4CCC-989B-91D557D8005B}.Release|Any CPU.Build.0 = Release|Any CPU
	EndGlobalSection
	GlobalSection(SolutionProperties) = preSolution
		HideSolutionNode = FALSE
	EndGlobalSection
	GlobalSection(ExtensibilityGlobals) = postSolution
		SolutionGuid = {A34648D0-7F4D-4655-8F2C-07904D7C092F}
	EndGlobalSection
EndGlobal
